# This file is autogenerated, do not edit; changes may be undone by the next 'dep ensure'.


[[projects]]
  digest = "1:d5f48855170be8f523ecb23af1886a6b142b44ec64015fa91a03bd02076ceff4"
  name = "github.com/klauspost/compress"
  packages = ["flate"]
  pruneopts = "UT"
  revision = "b939724e787a27c0005cabe3f78e7ed7987ac74f"
  version = "v1.4.0"

[[projects]]
  digest = "1:4ea0668d490ca32a38366453a486e2e8c60fbdaf1f2607c96b4a093d8a5c8de7"
  name = "github.com/klauspost/cpuid"
  packages = ["."]
  pruneopts = "UT"
  revision = "ae7887de9fa5d2db4eaa8174a7eff2c1ac00f2da"
  version = "v1.1"

[[projects]]
  digest = "1:1e5bf9cae557702ebbd51a32a94b47e3d1a20b7637682be08da8cf62152ec781"
  name = "github.com/klauspost/crc32"
  packages = ["."]
  pruneopts = "UT"
  revision = "cb6bfca970f6908083f26f39a79009d608efd5cd"
  version = "v1.1"

[[projects]]
  branch = "master"
  digest = "1:03ee4226fdfb207359e517449824ed0dd96f2b3d7855b9d399a601c6e79cca3b"
  name = "github.com/klauspost/pgzip"
  packages = ["."]
  pruneopts = "UT"
  revision = "c4ad2ed77aece7b3270909769a30a3fcea262a66"

[[projects]]
  digest = "1:0213c42e55443c392d2a369b77e927a197be8156abd763842c5ed98e17969bef"
  name = "github.com/youtube/vitess"
  packages = ["go/cgzip"]
  pruneopts = "UT"
  revision = "66e84fadcc1a7e956e7ffcebcaaba0b04132ca1f"
  version = "v2.2"

[solve-meta]
  analyzer-name = "dep"
  analyzer-version = 1
  input-imports = [
    "github.com/klauspost/pgzip",
    "github.com/youtube/vitess/go/cgzip",
  ]
  solver-name = "gps-cdcl"
  solver-version = 1
